lockVersion: 2.0.0
id: c7686174-7704-4859-9d59-8dab3c98a47f
management:
  docChecksum: 3424b260c5281580253f8f4f054576ce
  docVersion: 0.4.0
  speakeasyVersion: 1.453.8
  generationVersion: 2.474.15
  releaseVersion: 1.1.0
  configChecksum: eec61e3837c91f91f6dfbe25dd57ae64
  repoURL: https://github.com/speakeasy-sdks/code-sample-api.git
  installationURL: https://github.com/speakeasy-sdks/code-sample-api
  published: true
features:
  typescript:
    acceptHeaders: 2.81.2
    additionalDependencies: 0.1.0
    core: 3.18.9
    defaultEnabledRetries: 0.1.0
    devContainers: 2.90.0
    downloadStreams: 0.1.1
    enumUnions: 0.1.0
    envVarSecurityUsage: 0.1.2
    flattening: 2.82.1
    globalSecurity: 2.82.11
    globalSecurityCallbacks: 0.1.0
    globalServerURLs: 2.82.4
    globals: 2.82.1
    groups: 2.81.2
    nameOverrides: 2.81.2
    responseFormat: 0.2.3
    retries: 2.83.0
    sdkHooks: 0.2.0
    serverIDs: 2.81.2
    uploadStreams: 0.1.0
generatedFiles:
  - .devcontainer/README.md
  - .devcontainer/devcontainer.json
  - .devcontainer/setup.sh
  - .eslintrc.cjs
  - .gitattributes
  - .npmignore
  - CONTRIBUTING.md
  - FUNCTIONS.md
  - RUNTIMES.md
  - USAGE.md
  - docs/lib/utils/retryconfig.md
  - docs/models/components/codesampleschemainput.md
  - docs/models/components/codesamplesjobstatus.md
  - docs/models/components/schemafile.md
  - docs/models/components/security.md
  - docs/models/errors/errort.md
  - docs/models/operations/generatecodesamplepreviewasyncresponsebody.md
  - docs/models/operations/generatecodesamplepreviewresponse.md
  - docs/models/operations/getcodesamplepreviewasyncrequest.md
  - docs/models/operations/getcodesamplepreviewasyncresponse.md
  - docs/models/operations/getcodesamplepreviewasyncresponsebody.md
  - docs/sdks/codesamples/README.md
  - docs/sdks/sdk/README.md
  - jsr.json
  - package.json
  - src/core.ts
  - src/funcs/codesamplesGetAsync.ts
  - src/funcs/codesamplesPreview.ts
  - src/funcs/codesamplesPreviewAsync.ts
  - src/hooks/hooks.ts
  - src/hooks/index.ts
  - src/hooks/types.ts
  - src/index.ts
  - src/lib/base64.ts
  - src/lib/config.ts
  - src/lib/dlv.ts
  - src/lib/encodings.ts
  - src/lib/files.ts
  - src/lib/http.ts
  - src/lib/is-plain-object.ts
  - src/lib/logger.ts
  - src/lib/matchers.ts
  - src/lib/primitives.ts
  - src/lib/retries.ts
  - src/lib/schemas.ts
  - src/lib/sdks.ts
  - src/lib/security.ts
  - src/lib/url.ts
  - src/models/components/codesampleschemainput.ts
  - src/models/components/codesamplesjobstatus.ts
  - src/models/components/index.ts
  - src/models/components/security.ts
  - src/models/errors/apierror.ts
  - src/models/errors/error.ts
  - src/models/errors/httpclienterrors.ts
  - src/models/errors/index.ts
  - src/models/errors/sdkvalidationerror.ts
  - src/models/operations/generatecodesamplepreview.ts
  - src/models/operations/generatecodesamplepreviewasync.ts
  - src/models/operations/getcodesamplepreviewasync.ts
  - src/models/operations/index.ts
  - src/sdk/codesamples.ts
  - src/sdk/index.ts
  - src/sdk/sdk.ts
  - src/types/blobs.ts
  - src/types/constdatetime.ts
  - src/types/enums.ts
  - src/types/fp.ts
  - src/types/index.ts
  - src/types/operations.ts
  - src/types/rfcdate.ts
  - src/types/streams.ts
  - tsconfig.json
examples:
  generateCodeSamplePreview:
    speakeasy-default-generate-code-sample-preview:
      requestBody:
        multipart/form-data: {"languages": ["<value>"], "schema_file": {}}
      responses:
        4XX:
          application/json: {"message": "<value>", "status_code": 159498}
        "200": {}
  generateCodeSamplePreviewAsync:
    speakeasy-default-generate-code-sample-preview-async:
      requestBody:
        multipart/form-data: {"languages": ["<value>", "<value>"], "schema_file": {}}
      responses:
        "202":
          application/json: {"job_id": "<id>", "status": "pending"}
        4XX:
          application/json: {"message": "<value>", "status_code": 677743}
  getCodeSamplePreviewAsync:
    speakeasy-default-get-code-sample-preview-async:
      parameters:
        path:
          jobID: "<id>"
      responses:
        "202":
          application/json: {"status": "pending"}
        4XX:
          application/json: {"message": "<value>", "status_code": 893724}
        "200": {}
generatedTests: {}
