speakeasyVersion: 1.454.0
sources:
    speakeasy-OAS:
        sourceNamespace: speakeasy-oas
        sourceRevisionDigest: sha256:1dfc6f8efce4cd7f6f28f52bebe64c873ccdd8b7d60c62836f312fdfc931003d
        sourceBlobDigest: sha256:fed02858e32d7410fde8a58e4503fd9a6ad4026cf78f939e1d96d5d425c68899
        tags:
            - latest
            - speakeasy-sdk-regen-1733789124
            - 0.4.0
targets:
    code_samples_typescript_sdk:
        source: speakeasy-OAS
        sourceNamespace: speakeasy-oas
        sourceRevisionDigest: sha256:1dfc6f8efce4cd7f6f28f52bebe64c873ccdd8b7d60c62836f312fdfc931003d
        sourceBlobDigest: sha256:fed02858e32d7410fde8a58e4503fd9a6ad4026cf78f939e1d96d5d425c68899
        codeSamplesNamespace: speakeasy-oas-typescript-code-samples
        codeSamplesRevisionDigest: sha256:ef878169779e93eedc9f55fc1998c17eb1f1a2a4e26e8467f76140a532e0794d
workflow:
    workflowVersion: 1.0.0
    speakeasyVersion: latest
    sources:
        speakeasy-OAS:
            inputs:
                - location: https://www.speakeasy.com/openapi.yaml
            overlays:
                - location: overlay.yaml
            transformations:
                - filterOperations:
                    operations: generateCodeSamplePreview, generateCodeSamplePreviewAsync, getCodeSamplePreviewAsync
                    include: true
            registry:
                location: registry.speakeasyapi.dev/speakeasy-self/speakeasy-public/speakeasy-oas
    targets:
        code_samples_typescript_sdk:
            target: typescript
            source: speakeasy-OAS
            publish:
                npm:
                    token: $npm_token
            codeSamples:
                registry:
                    location: registry.speakeasyapi.dev/speakeasy-self/speakeasy-public/speakeasy-oas-typescript-code-samples
                blocking: false
