speakeasyVersion: 1.453.8
sources:
    speakeasy-OAS:
        sourceNamespace: speakeasy-oas
        sourceRevisionDigest: sha256:2d61013959128d88cd714023c2b4a6a3323faa1db67c03b6435059811e855f7f
        sourceBlobDigest: sha256:fed02858e32d7410fde8a58e4503fd9a6ad4026cf78f939e1d96d5d425c68899
        tags:
            - latest
            - speakeasy-sdk-regen-1733789124
            - 0.4.0
targets:
    code_samples_typescript_sdk:
        source: speakeasy-OAS
        sourceNamespace: speakeasy-oas
        sourceRevisionDigest: sha256:2d61013959128d88cd714023c2b4a6a3323faa1db67c03b6435059811e855f7f
        sourceBlobDigest: sha256:fed02858e32d7410fde8a58e4503fd9a6ad4026cf78f939e1d96d5d425c68899
        codeSamplesNamespace: speakeasy-oas-typescript-code-samples
        codeSamplesRevisionDigest: sha256:5e295fc72837986d326b6dedb4ab5440f2c7d3d01a7804932c6ff5afc04e788d
workflow:
    workflowVersion: 1.0.0
    speakeasyVersion: latest
    sources:
        speakeasy-OAS:
            inputs:
                - location: https://www.speakeasy.com/openapi.yaml
            overlays:
                - location: overlay.yaml
            transformations:
                - filterOperations:
                    operations: generateCodeSamplePreview, generateCodeSamplePreviewAsync, getCodeSamplePreviewAsync
                    include: true
            registry:
                location: registry.speakeasyapi.dev/speakeasy-self/speakeasy-public/speakeasy-oas
    targets:
        code_samples_typescript_sdk:
            target: typescript
            source: speakeasy-OAS
            publish:
                npm:
                    token: $npm_token
            codeSamples:
                registry:
                    location: registry.speakeasyapi.dev/speakeasy-self/speakeasy-public/speakeasy-oas-typescript-code-samples
                blocking: false
