speakeasyVersion: 1.456.1
sources:
    speakeasy-OAS:
        sourceNamespace: speakeasy-oas
        sourceRevisionDigest: sha256:25c50ff495b7a01cd8c49e64e0b73db9f0c72098afcefb1ff3a2c283e6ab50fc
        sourceBlobDigest: sha256:681648ee4c094eb2dd294f283d2a4ae6d3e74ad25a07015f129e5271042df059
        tags:
            - latest
            - speakeasy-sdk-regen-1733789124
            - 0.4.0
targets:
    code_samples_typescript_sdk:
        source: speakeasy-OAS
        sourceNamespace: speakeasy-oas
        sourceRevisionDigest: sha256:25c50ff495b7a01cd8c49e64e0b73db9f0c72098afcefb1ff3a2c283e6ab50fc
        sourceBlobDigest: sha256:681648ee4c094eb2dd294f283d2a4ae6d3e74ad25a07015f129e5271042df059
        codeSamplesNamespace: speakeasy-oas-typescript-code-samples
        codeSamplesRevisionDigest: sha256:05b6b80f12070127a00fa026d9b7b3b33f4660c63de68bf6cd21b81b29a90c82
workflow:
    workflowVersion: 1.0.0
    speakeasyVersion: latest
    sources:
        speakeasy-OAS:
            inputs:
                - location: https://www.speakeasy.com/openapi.yaml
            overlays:
                - location: overlay.yaml
            transformations:
                - filterOperations:
                    operations: generateCodeSamplePreview, generateCodeSamplePreviewAsync, getCodeSamplePreviewAsync
                    include: true
            registry:
                location: registry.speakeasyapi.dev/speakeasy-self/speakeasy-public/speakeasy-oas
    targets:
        code_samples_typescript_sdk:
            target: typescript
            source: speakeasy-OAS
            publish:
                npm:
                    token: $npm_token
            codeSamples:
                registry:
                    location: registry.speakeasyapi.dev/speakeasy-self/speakeasy-public/speakeasy-oas-typescript-code-samples
                blocking: false
